
Microsoft Visual Studio Solution File, Format Version 12.00
# Visual Studio Version 16
VisualStudioVersion = 16.0.32126.315
MinimumVisualStudioVersion = 10.0.40219.1
Project("{FAE04EC0-301F-11D3-BF4B-00C04F79EFBC}") = "ListDelegateTask", "ListDelegateTask\ListDelegateTask.csproj", "{84CACC48-B2A7-413C-B3D5-B9F8472C356A}"
EndProject
Global
	GlobalSection(SolutionConfigurationPlatforms) = preSolution
		Debug|Any CPU = Debug|Any CPU
		Release|Any CPU = Release|Any CPU
	EndGlobalSection
	GlobalSection(ProjectConfigurationPlatforms) = postSolution
		{84CACC48-B2A7-413C-B3D5-B9F8472C356A}.Debug|Any CPU.ActiveCfg = Debug|Any CPU
		{84CACC48-B2A7-413C-B3D5-B9F8472C356A}.Debug|Any CPU.Build.0 = Debug|Any CPU
		{84CACC48-B2A7-413C-B3D5-B9F8472C356A}.Release|Any CPU.ActiveCfg = Release|Any CPU
		{84CACC48-B2A7-413C-B3D5-B9F8472C356A}.Release|Any CPU.Build.0 = Release|Any CPU
	EndGlobalSection
	GlobalSection(SolutionProperties) = preSolution
		HideSolutionNode = FALSE
	EndGlobalSection
	GlobalSection(ExtensibilityGlobals) = postSolution
		SolutionGuid = {04FF9368-5DCB-4C25-AD5E-692269D939CF}
	EndGlobalSection
EndGlobal
